
Microsoft Visual Studio Solution File, Format Version 12.00
# Visual Studio Version 16
VisualStudioVersion = 16.0.30413.136
MinimumVisualStudioVersion = 10.0.40219.1
Project("{FAE04EC0-301F-11D3-BF4B-00C04F79EFBC}") = "WebBrowser.UI", "WebBrowser.UI\WebBrowser.UI.csproj", "{532A4FE1-70B0-4E88-905B-FBDB7077AFA8}"
EndProject
Project("{FAE04EC0-301F-11D3-BF4B-00C04F79EFBC}") = "WebBrowser.Logic", "WebBrowser.Logic\WebBrowser.Logic.csproj", "{C095D6F4-FBAB-486E-A7F2-D6571077D1BA}"
EndProject
Project("{FAE04EC0-301F-11D3-BF4B-00C04F79EFBC}") = "WebBrowser.Data", "WebBrowser.Data\WebBrowser.Data.csproj", "{44CECE23-68E6-4EFB-B96B-6B4EB368498D}"
EndProject
Global
	GlobalSection(SolutionConfigurationPlatforms) = preSolution
		Debug|Any CPU = Debug|Any CPU
		Release|Any CPU = Release|Any CPU
	EndGlobalSection
	GlobalSection(ProjectConfigurationPlatforms) = postSolution
		{532A4FE1-70B0-4E88-905B-FBDB7077AFA8}.Debug|Any CPU.ActiveCfg = Debug|Any CPU
		{532A4FE1-70B0-4E88-905B-FBDB7077AFA8}.Debug|Any CPU.Build.0 = Debug|Any CPU
		{532A4FE1-70B0-4E88-905B-FBDB7077AFA8}.Release|Any CPU.ActiveCfg = Release|Any CPU
		{532A4FE1-70B0-4E88-905B-FBDB7077AFA8}.Release|Any CPU.Build.0 = Release|Any CPU
		{C095D6F4-FBAB-486E-A7F2-D6571077D1BA}.Debug|Any CPU.ActiveCfg = Debug|Any CPU
		{C095D6F4-FBAB-486E-A7F2-D6571077D1BA}.Debug|Any CPU.Build.0 = Debug|Any CPU
		{C095D6F4-FBAB-486E-A7F2-D6571077D1BA}.Release|Any CPU.ActiveCfg = Release|Any CPU
		{C095D6F4-FBAB-486E-A7F2-D6571077D1BA}.Release|Any CPU.Build.0 = Release|Any CPU
		{44CECE23-68E6-4EFB-B96B-6B4EB368498D}.Debug|Any CPU.ActiveCfg = Debug|Any CPU
		{44CECE23-68E6-4EFB-B96B-6B4EB368498D}.Debug|Any CPU.Build.0 = Debug|Any CPU
		{44CECE23-68E6-4EFB-B96B-6B4EB368498D}.Release|Any CPU.ActiveCfg = Release|Any CPU
		{44CECE23-68E6-4EFB-B96B-6B4EB368498D}.Release|Any CPU.Build.0 = Release|Any CPU
	EndGlobalSection
	GlobalSection(SolutionProperties) = preSolution
		HideSolutionNode = FALSE
	EndGlobalSection
	GlobalSection(ExtensibilityGlobals) = postSolution
		SolutionGuid = {2104C0B4-6FA5-4BD9-9C14-A5962129B731}
	EndGlobalSection
EndGlobal
